<?xml version="1.0" encoding="utf-8"?>
<Project ToolsVersion="4.0" xmlns="http://schemas.microsoft.com/developer/msbuild/2003">
  <ItemGroup>
    <Filter Include="Исходные файлы">
      <UniqueIdentifier>{4FC737F1-C7A5-4376-A066-2A32D752A2FF}</UniqueIdentifier>
      <Extensions>cpp;c;cc;cxx;c++;cppm;ixx;def;odl;idl;hpj;bat;asm;asmx</Extensions>
    </Filter>
    <Filter Include="Файлы заголовков">
      <UniqueIdentifier>{93995380-89BD-4b04-88EB-625FBE52EBFB}</UniqueIdentifier>
      <Extensions>h;hh;hpp;hxx;h++;hm;inl;inc;ipp;xsd</Extensions>
    </Filter>
    <Filter Include="Файлы ресурсов">
      <UniqueIdentifier>{67DA6AB6-F800-4c08-8B7A-83BB121AAD01}</UniqueIdentifier>
      <Extensions>rc;ico;cur;bmp;dlg;rc2;rct;bin;rgs;gif;jpg;jpeg;jpe;resx;tiff;tif;png;wav;mfcribbon-ms</Extensions>
    </Filter>
    <Filter Include="Исходные файлы\MyClass">
      <UniqueIdentifier>{1fa0f080-b621-4666-9201-d50b9066b358}</UniqueIdentifier>
    </Filter>
    <Filter Include="Исходные файлы\MyClass\Menu">
      <UniqueIdentifier>{26f4ca3e-28ef-4060-b1bc-b0f704a3bc10}</UniqueIdentifier>
    </Filter>
  </ItemGroup>
  <ItemGroup>
    <ClCompile Include="Main.cpp">
      <Filter>Исходные файлы</Filter>
    </ClCompile>
    <ClCompile Include="MyClass\Box\Box.cpp">
      <Filter>Исходные файлы\MyClass</Filter>
    </ClCompile>
    <ClCompile Include="MyClass\Color\Color.cpp">
      <Filter>Исходные файлы\MyClass</Filter>
    </ClCompile>
    <ClCompile Include="MyClass\KeyBoard\KeyBoard.cpp">
      <Filter>Исходные файлы\MyClass</Filter>
    </ClCompile>
    <ClCompile Include="MyClass\Position\Position.cpp">
      <Filter>Исходные файлы\MyClass</Filter>
    </ClCompile>
    <ClCompile Include="Task.cpp">
      <Filter>Исходные файлы</Filter>
    </ClCompile>
    <ClCompile Include="MyClass\Menu\MenuItem.cpp">
      <Filter>Исходные файлы\MyClass\Menu</Filter>
    </ClCompile>
    <ClCompile Include="MyClass\Menu\Menu.cpp">
      <Filter>Исходные файлы\MyClass\Menu</Filter>
    </ClCompile>
    <ClCompile Include="MyClass\Menu\ItemM.cpp">
      <Filter>Исходные файлы\MyClass\Menu</Filter>
    </ClCompile>
    <ClCompile Include="MyError.cpp">
      <Filter>Исходные файлы</Filter>
    </ClCompile>
    <ClCompile Include="RusEncryption.cpp">
      <Filter>Исходные файлы</Filter>
    </ClCompile>
    <ClCompile Include="File.cpp">
      <Filter>Исходные файлы</Filter>
    </ClCompile>
  </ItemGroup>
  <ItemGroup>
    <ClInclude Include="MyClass\Box\Box.h">
      <Filter>Исходные файлы\MyClass</Filter>
    </ClInclude>
    <ClInclude Include="MyClass\Color\Color.h">
      <Filter>Исходные файлы\MyClass</Filter>
    </ClInclude>
    <ClInclude Include="MyClass\KeyBoard\KeyBoard.h">
      <Filter>Исходные файлы\MyClass</Filter>
    </ClInclude>
    <ClInclude Include="MyClass\Position\Position.h">
      <Filter>Исходные файлы\MyClass</Filter>
    </ClInclude>
    <ClInclude Include="Task.h">
      <Filter>Файлы заголовков</Filter>
    </ClInclude>
    <ClInclude Include="MyClass\Menu\MenuItem.h">
      <Filter>Исходные файлы\MyClass\Menu</Filter>
    </ClInclude>
    <ClInclude Include="MyClass\Menu\Menu.h">
      <Filter>Исходные файлы\MyClass\Menu</Filter>
    </ClInclude>
    <ClInclude Include="MyClass\Menu\ItemM.h">
      <Filter>Исходные файлы\MyClass\Menu</Filter>
    </ClInclude>
    <ClInclude Include="MyError.h">
      <Filter>Файлы заголовков</Filter>
    </ClInclude>
    <ClInclude Include="RusEncryption.h">
      <Filter>Файлы заголовков</Filter>
    </ClInclude>
    <ClInclude Include="File.h">
      <Filter>Файлы заголовков</Filter>
    </ClInclude>
  </ItemGroup>
</Project>